
Microsoft Visual Studio Solution File, Format Version 12.00
# Visual Studio 15
Project("{FAE04EC0-301F-11D3-BF4B-00C04F79EFBC}") = "Assembly-CSharp", "Assembly-CSharp.csproj", "{B644DA8F-7DC3-4CAF-27F1-D2D0E7F6CDFC}"
EndProject
Global
	GlobalSection(SolutionConfigurationPlatforms) = preSolution
		Debug|Any CPU = Debug|Any CPU
		Release|Any CPU = Release|Any CPU
	EndGlobalSection
	GlobalSection(ProjectConfigurationPlatforms) = postSolution
		{B644DA8F-7DC3-4CAF-27F1-D2D0E7F6CDFC}.Debug|Any CPU.ActiveCfg = Debug|Any CPU
		{B644DA8F-7DC3-4CAF-27F1-D2D0E7F6CDFC}.Debug|Any CPU.Build.0 = Debug|Any CPU
		{B644DA8F-7DC3-4CAF-27F1-D2D0E7F6CDFC}.Release|Any CPU.ActiveCfg = Release|Any CPU
		{B644DA8F-7DC3-4CAF-27F1-D2D0E7F6CDFC}.Release|Any CPU.Build.0 = Release|Any CPU
	EndGlobalSection
	GlobalSection(SolutionProperties) = preSolution
		HideSolutionNode = FALSE
	EndGlobalSection
EndGlobal
